
Microsoft Visual Studio Solution File, Format Version 12.00
# Visual Studio Version 17
VisualStudioVersion = 17.4.33213.308
MinimumVisualStudioVersion = 10.0.40219.1
Project("{FAE04EC0-301F-11D3-BF4B-00C04F79EFBC}") = "AddressBook", "AddressBook\AddressBook.csproj", "{7481DAF5-1B6C-4AE1-9373-3F9B4A89089B}"
EndProject
Project("{FAE04EC0-301F-11D3-BF4B-00C04F79EFBC}") = "AddBook.BLL", "AddBook.BLL\AddBook.BLL.csproj", "{2D2AC22F-3FFC-4442-A30D-E90E2A5225D4}"
EndProject
Project("{FAE04EC0-301F-11D3-BF4B-00C04F79EFBC}") = "AddBook.DAL", "AddBook.DAL\AddBook.DAL.csproj", "{48A15B88-2951-4EE2-A231-55B9ABA246CD}"
EndProject
Global
	GlobalSection(SolutionConfigurationPlatforms) = preSolution
		Debug|Any CPU = Debug|Any CPU
		Release|Any CPU = Release|Any CPU
	EndGlobalSection
	GlobalSection(ProjectConfigurationPlatforms) = postSolution
		{7481DAF5-1B6C-4AE1-9373-3F9B4A89089B}.Debug|Any CPU.ActiveCfg = Debug|Any CPU
		{7481DAF5-1B6C-4AE1-9373-3F9B4A89089B}.Debug|Any CPU.Build.0 = Debug|Any CPU
		{7481DAF5-1B6C-4AE1-9373-3F9B4A89089B}.Release|Any CPU.ActiveCfg = Release|Any CPU
		{7481DAF5-1B6C-4AE1-9373-3F9B4A89089B}.Release|Any CPU.Build.0 = Release|Any CPU
		{2D2AC22F-3FFC-4442-A30D-E90E2A5225D4}.Debug|Any CPU.ActiveCfg = Debug|Any CPU
		{2D2AC22F-3FFC-4442-A30D-E90E2A5225D4}.Debug|Any CPU.Build.0 = Debug|Any CPU
		{2D2AC22F-3FFC-4442-A30D-E90E2A5225D4}.Release|Any CPU.ActiveCfg = Release|Any CPU
		{2D2AC22F-3FFC-4442-A30D-E90E2A5225D4}.Release|Any CPU.Build.0 = Release|Any CPU
		{48A15B88-2951-4EE2-A231-55B9ABA246CD}.Debug|Any CPU.ActiveCfg = Debug|Any CPU
		{48A15B88-2951-4EE2-A231-55B9ABA246CD}.Debug|Any CPU.Build.0 = Debug|Any CPU
		{48A15B88-2951-4EE2-A231-55B9ABA246CD}.Release|Any CPU.ActiveCfg = Release|Any CPU
		{48A15B88-2951-4EE2-A231-55B9ABA246CD}.Release|Any CPU.Build.0 = Release|Any CPU
	EndGlobalSection
	GlobalSection(SolutionProperties) = preSolution
		HideSolutionNode = FALSE
	EndGlobalSection
	GlobalSection(ExtensibilityGlobals) = postSolution
		SolutionGuid = {BE40DE75-C1E3-4EB9-8C0E-06EFE8ADC5CB}
	EndGlobalSection
EndGlobal
